<?xml version="1.0" encoding="utf-8"?>
<Project ToolsVersion="4.0" xmlns="http://schemas.microsoft.com/developer/msbuild/2003">
  <ItemGroup>
    <Filter Include="소스 파일">
      <UniqueIdentifier>{4FC737F1-C7A5-4376-A066-2A32D752A2FF}</UniqueIdentifier>
      <Extensions>cpp;c;cc;cxx;def;odl;idl;hpj;bat;asm;asmx</Extensions>
    </Filter>
    <Filter Include="헤더 파일">
      <UniqueIdentifier>{93995380-89BD-4b04-88EB-625FBE52EBFB}</UniqueIdentifier>
      <Extensions>h;hh;hpp;hxx;hm;inl;inc;xsd</Extensions>
    </Filter>
    <Filter Include="리소스 파일">
      <UniqueIdentifier>{67DA6AB6-F800-4c08-8B7A-83BB121AAD01}</UniqueIdentifier>
      <Extensions>rc;ico;cur;bmp;dlg;rc2;rct;bin;rgs;gif;jpg;jpeg;jpe;resx;tiff;tif;png;wav;mfcribbon-ms</Extensions>
    </Filter>
  </ItemGroup>
  <ItemGroup>
    <ClCompile Include="1003.cpp">
      <Filter>소스 파일</Filter>
    </ClCompile>
    <ClCompile Include="1004.cpp">
      <Filter>소스 파일</Filter>
    </ClCompile>
    <ClCompile Include="1005.cpp">
      <Filter>소스 파일</Filter>
    </ClCompile>
    <ClCompile Include="1007.cpp">
      <Filter>소스 파일</Filter>
    </ClCompile>
    <ClCompile Include="1010.cpp">
      <Filter>소스 파일</Filter>
    </ClCompile>
    <ClCompile Include="1012.cpp">
      <Filter>소스 파일</Filter>
    </ClCompile>
    <ClCompile Include="1014.cpp">
      <Filter>소스 파일</Filter>
    </ClCompile>
    <ClCompile Include="1016.cpp">
      <Filter>소스 파일</Filter>
    </ClCompile>
    <ClCompile Include="1026.cpp">
      <Filter>소스 파일</Filter>
    </ClCompile>
    <ClCompile Include="1038.cpp">
      <Filter>소스 파일</Filter>
    </ClCompile>
    <ClCompile Include="1051.cpp">
      <Filter>소스 파일</Filter>
    </ClCompile>
    <ClCompile Include="1074.cpp">
      <Filter>소스 파일</Filter>
    </ClCompile>
    <ClCompile Include="1076.cpp">
      <Filter>소스 파일</Filter>
    </ClCompile>
    <ClCompile Include="1149.cpp">
      <Filter>소스 파일</Filter>
    </ClCompile>
    <ClCompile Include="1181.cpp">
      <Filter>소스 파일</Filter>
    </ClCompile>
    <ClCompile Include="1197.cpp">
      <Filter>소스 파일</Filter>
    </ClCompile>
    <ClCompile Include="1212.cpp">
      <Filter>소스 파일</Filter>
    </ClCompile>
    <ClCompile Include="1225.cpp">
      <Filter>소스 파일</Filter>
    </ClCompile>
    <ClCompile Include="1316.cpp">
      <Filter>소스 파일</Filter>
    </ClCompile>
    <ClCompile Include="1427.cpp">
      <Filter>소스 파일</Filter>
    </ClCompile>
    <ClCompile Include="1463.cpp">
      <Filter>소스 파일</Filter>
    </ClCompile>
    <ClCompile Include="1475.cpp">
      <Filter>소스 파일</Filter>
    </ClCompile>
    <ClCompile Include="1520.cpp">
      <Filter>소스 파일</Filter>
    </ClCompile>
    <ClCompile Include="1546.cpp">
      <Filter>소스 파일</Filter>
    </ClCompile>
    <ClCompile Include="1676.cpp">
      <Filter>소스 파일</Filter>
    </ClCompile>
    <ClCompile Include="1753.cpp">
      <Filter>소스 파일</Filter>
    </ClCompile>
    <ClCompile Include="1850.cpp">
      <Filter>소스 파일</Filter>
    </ClCompile>
    <ClCompile Include="1890.cpp">
      <Filter>소스 파일</Filter>
    </ClCompile>
    <ClCompile Include="1912.cpp">
      <Filter>소스 파일</Filter>
    </ClCompile>
    <ClCompile Include="1924.cpp">
      <Filter>소스 파일</Filter>
    </ClCompile>
    <ClCompile Include="1932.cpp">
      <Filter>소스 파일</Filter>
    </ClCompile>
    <ClCompile Include="1958.cpp">
      <Filter>소스 파일</Filter>
    </ClCompile>
    <ClCompile Include="1978.cpp">
      <Filter>소스 파일</Filter>
    </ClCompile>
    <ClCompile Include="2011.cpp">
      <Filter>소스 파일</Filter>
    </ClCompile>
    <ClCompile Include="2108.cpp">
      <Filter>소스 파일</Filter>
    </ClCompile>
    <ClCompile Include="2156.cpp">
      <Filter>소스 파일</Filter>
    </ClCompile>
    <ClCompile Include="2193.cpp">
      <Filter>소스 파일</Filter>
    </ClCompile>
    <ClCompile Include="2292.cpp">
      <Filter>소스 파일</Filter>
    </ClCompile>
    <ClCompile Include="2293.cpp">
      <Filter>소스 파일</Filter>
    </ClCompile>
    <ClCompile Include="2355.cpp">
      <Filter>소스 파일</Filter>
    </ClCompile>
    <ClCompile Include="2358.cpp">
      <Filter>소스 파일</Filter>
    </ClCompile>
    <ClCompile Include="2438.cpp">
      <Filter>소스 파일</Filter>
    </ClCompile>
    <ClCompile Include="2504.cpp">
      <Filter>소스 파일</Filter>
    </ClCompile>
    <ClCompile Include="2577.cpp">
      <Filter>소스 파일</Filter>
    </ClCompile>
    <ClCompile Include="2579.cpp">
      <Filter>소스 파일</Filter>
    </ClCompile>
    <ClCompile Include="2609.cpp">
      <Filter>소스 파일</Filter>
    </ClCompile>
    <ClCompile Include="2675.cpp">
      <Filter>소스 파일</Filter>
    </ClCompile>
    <ClCompile Include="2738.cpp">
      <Filter>소스 파일</Filter>
    </ClCompile>
    <ClCompile Include="2740.cpp">
      <Filter>소스 파일</Filter>
    </ClCompile>
    <ClCompile Include="2745.cpp">
      <Filter>소스 파일</Filter>
    </ClCompile>
    <ClCompile Include="2747.cpp">
      <Filter>소스 파일</Filter>
    </ClCompile>
    <ClCompile Include="2751.cpp">
      <Filter>소스 파일</Filter>
    </ClCompile>
    <ClCompile Include="2775.cpp">
      <Filter>소스 파일</Filter>
    </ClCompile>
    <ClCompile Include="2839.cpp">
      <Filter>소스 파일</Filter>
    </ClCompile>
    <ClCompile Include="2908.cpp">
      <Filter>소스 파일</Filter>
    </ClCompile>
    <ClCompile Include="2920.cpp">
      <Filter>소스 파일</Filter>
    </ClCompile>
    <ClCompile Include="2941.cpp">
      <Filter>소스 파일</Filter>
    </ClCompile>
    <ClCompile Include="2965.cpp">
      <Filter>소스 파일</Filter>
    </ClCompile>
    <ClCompile Include="2981.cpp">
      <Filter>소스 파일</Filter>
    </ClCompile>
    <ClCompile Include="3036.cpp">
      <Filter>소스 파일</Filter>
    </ClCompile>
    <ClCompile Include="3745.cpp">
      <Filter>소스 파일</Filter>
    </ClCompile>
    <ClCompile Include="3943.cpp">
      <Filter>소스 파일</Filter>
    </ClCompile>
    <ClCompile Include="3944.cpp">
      <Filter>소스 파일</Filter>
    </ClCompile>
    <ClCompile Include="4299.cpp">
      <Filter>소스 파일</Filter>
    </ClCompile>
    <ClCompile Include="4320.cpp">
      <Filter>소스 파일</Filter>
    </ClCompile>
    <ClCompile Include="4344.cpp">
      <Filter>소스 파일</Filter>
    </ClCompile>
    <ClCompile Include="5622.cpp">
      <Filter>소스 파일</Filter>
    </ClCompile>
    <ClCompile Include="8393.cpp">
      <Filter>소스 파일</Filter>
    </ClCompile>
    <ClCompile Include="8958.cpp">
      <Filter>소스 파일</Filter>
    </ClCompile>
    <ClCompile Include="9012.cpp">
      <Filter>소스 파일</Filter>
    </ClCompile>
    <ClCompile Include="9095.cpp">
      <Filter>소스 파일</Filter>
    </ClCompile>
    <ClCompile Include="9251.cpp">
      <Filter>소스 파일</Filter>
    </ClCompile>
    <ClCompile Include="9252.cpp">
      <Filter>소스 파일</Filter>
    </ClCompile>
    <ClCompile Include="9465.cpp">
      <Filter>소스 파일</Filter>
    </ClCompile>
    <ClCompile Include="9498.cpp">
      <Filter>소스 파일</Filter>
    </ClCompile>
    <ClCompile Include="10039.cpp">
      <Filter>소스 파일</Filter>
    </ClCompile>
    <ClCompile Include="10172.cpp">
      <Filter>소스 파일</Filter>
    </ClCompile>
    <ClCompile Include="10250.cpp">
      <Filter>소스 파일</Filter>
    </ClCompile>
    <ClCompile Include="10451.cpp">
      <Filter>소스 파일</Filter>
    </ClCompile>
    <ClCompile Include="10610.cpp">
      <Filter>소스 파일</Filter>
    </ClCompile>
    <ClCompile Include="10809.cpp">
      <Filter>소스 파일</Filter>
    </ClCompile>
    <ClCompile Include="10814.cpp">
      <Filter>소스 파일</Filter>
    </ClCompile>
    <ClCompile Include="10815.cpp">
      <Filter>소스 파일</Filter>
    </ClCompile>
    <ClCompile Include="10817.cpp">
      <Filter>소스 파일</Filter>
    </ClCompile>
    <ClCompile Include="10819.cpp">
      <Filter>소스 파일</Filter>
    </ClCompile>
    <ClCompile Include="10825.cpp">
      <Filter>소스 파일</Filter>
    </ClCompile>
    <ClCompile Include="10825_1.cpp">
      <Filter>소스 파일</Filter>
    </ClCompile>
    <ClCompile Include="10828.cpp">
      <Filter>소스 파일</Filter>
    </ClCompile>
    <ClCompile Include="10844.cpp">
      <Filter>소스 파일</Filter>
    </ClCompile>
    <ClCompile Include="10845.cpp">
      <Filter>소스 파일</Filter>
    </ClCompile>
    <ClCompile Include="10868.cpp">
      <Filter>소스 파일</Filter>
    </ClCompile>
    <ClCompile Include="10871.cpp">
      <Filter>소스 파일</Filter>
    </ClCompile>
    <ClCompile Include="10872.cpp">
      <Filter>소스 파일</Filter>
    </ClCompile>
    <ClCompile Include="10972.cpp">
      <Filter>소스 파일</Filter>
    </ClCompile>
    <ClCompile Include="10974.cpp">
      <Filter>소스 파일</Filter>
    </ClCompile>
    <ClCompile Include="10986.cpp">
      <Filter>소스 파일</Filter>
    </ClCompile>
    <ClCompile Include="10989.cpp">
      <Filter>소스 파일</Filter>
    </ClCompile>
    <ClCompile Include="11005.cpp">
      <Filter>소스 파일</Filter>
    </ClCompile>
    <ClCompile Include="11047.cpp">
      <Filter>소스 파일</Filter>
    </ClCompile>
    <ClCompile Include="11051.cpp">
      <Filter>소스 파일</Filter>
    </ClCompile>
    <ClCompile Include="11052.cpp">
      <Filter>소스 파일</Filter>
    </ClCompile>
    <ClCompile Include="11399.cpp">
      <Filter>소스 파일</Filter>
    </ClCompile>
    <ClCompile Include="11653.cpp">
      <Filter>소스 파일</Filter>
    </ClCompile>
    <ClCompile Include="11654.cpp">
      <Filter>소스 파일</Filter>
    </ClCompile>
    <ClCompile Include="11659.cpp">
      <Filter>소스 파일</Filter>
    </ClCompile>
    <ClCompile Include="11660.cpp">
      <Filter>소스 파일</Filter>
    </ClCompile>
    <ClCompile Include="11718.cpp">
      <Filter>소스 파일</Filter>
    </ClCompile>
    <ClCompile Include="11719.cpp">
      <Filter>소스 파일</Filter>
    </ClCompile>
    <ClCompile Include="11720.cpp">
      <Filter>소스 파일</Filter>
    </ClCompile>
    <ClCompile Include="11721.cpp">
      <Filter>소스 파일</Filter>
    </ClCompile>
    <ClCompile Include="11723.cpp">
      <Filter>소스 파일</Filter>
    </ClCompile>
    <ClCompile Include="11726.cpp">
      <Filter>소스 파일</Filter>
    </ClCompile>
    <ClCompile Include="11727.cpp">
      <Filter>소스 파일</Filter>
    </ClCompile>
    <ClCompile Include="11728.cpp">
      <Filter>소스 파일</Filter>
    </ClCompile>
    <ClCompile Include="13241.cpp">
      <Filter>소스 파일</Filter>
    </ClCompile>
    <ClCompile Include="13325.cpp">
      <Filter>소스 파일</Filter>
    </ClCompile>
    <ClCompile Include="14502.cpp">
      <Filter>소스 파일</Filter>
    </ClCompile>
    <ClCompile Include="14730.cpp">
      <Filter>소스 파일</Filter>
    </ClCompile>
    <ClCompile Include="14888.cpp">
      <Filter>소스 파일</Filter>
    </ClCompile>
    <ClCompile Include="14891.cpp">
      <Filter>소스 파일</Filter>
    </ClCompile>
    <ClCompile Include="S1946.cpp">
      <Filter>소스 파일</Filter>
    </ClCompile>
    <ClCompile Include="2440.cpp">
      <Filter>소스 파일</Filter>
    </ClCompile>
    <ClCompile Include="2606.cpp">
      <Filter>소스 파일</Filter>
    </ClCompile>
    <ClCompile Include="2178.cpp">
      <Filter>소스 파일</Filter>
    </ClCompile>
    <ClCompile Include="2667.cpp">
      <Filter>소스 파일</Filter>
    </ClCompile>
    <ClCompile Include="1260.cpp">
      <Filter>소스 파일</Filter>
    </ClCompile>
    <ClCompile Include="7576.cpp">
      <Filter>소스 파일</Filter>
    </ClCompile>
    <ClCompile Include="7569.cpp">
      <Filter>소스 파일</Filter>
    </ClCompile>
    <ClCompile Include="10866.cpp">
      <Filter>소스 파일</Filter>
    </ClCompile>
    <ClCompile Include="1920.cpp">
      <Filter>소스 파일</Filter>
    </ClCompile>
    <ClCompile Include="1504.cpp">
      <Filter>소스 파일</Filter>
    </ClCompile>
    <ClCompile Include="1325.cpp">
      <Filter>소스 파일</Filter>
    </ClCompile>
    <ClCompile Include="10216.cpp">
      <Filter>소스 파일</Filter>
    </ClCompile>
    <ClCompile Include="2583.cpp">
      <Filter>소스 파일</Filter>
    </ClCompile>
    <ClCompile Include="6603.cpp">
      <Filter>소스 파일</Filter>
    </ClCompile>
    <ClCompile Include="11724.cpp">
      <Filter>소스 파일</Filter>
    </ClCompile>
    <ClCompile Include="11403.cpp">
      <Filter>소스 파일</Filter>
    </ClCompile>
    <ClCompile Include="7562.cpp">
      <Filter>소스 파일</Filter>
    </ClCompile>
    <ClCompile Include="1987.cpp">
      <Filter>소스 파일</Filter>
    </ClCompile>
    <ClCompile Include="2468.cpp">
      <Filter>소스 파일</Filter>
    </ClCompile>
    <ClCompile Include="1697.cpp">
      <Filter>소스 파일</Filter>
    </ClCompile>
    <ClCompile Include="1707.cpp">
      <Filter>소스 파일</Filter>
    </ClCompile>
    <ClCompile Include="10162.cpp">
      <Filter>소스 파일</Filter>
    </ClCompile>
    <ClCompile Include="1373.cpp">
      <Filter>소스 파일</Filter>
    </ClCompile>
    <ClCompile Include="2004.cpp">
      <Filter>소스 파일</Filter>
    </ClCompile>
    <ClCompile Include="6588.cpp">
      <Filter>소스 파일</Filter>
    </ClCompile>
    <ClCompile Include="1157.cpp">
      <Filter>소스 파일</Filter>
    </ClCompile>
    <ClCompile Include="1929.cpp">
      <Filter>소스 파일</Filter>
    </ClCompile>
    <ClCompile Include="2407.cpp">
      <Filter>소스 파일</Filter>
    </ClCompile>
    <ClCompile Include="2581.cpp">
      <Filter>소스 파일</Filter>
    </ClCompile>
    <ClCompile Include="3053.cpp">
      <Filter>소스 파일</Filter>
    </ClCompile>
    <ClCompile Include="4948.cpp">
      <Filter>소스 파일</Filter>
    </ClCompile>
    <ClCompile Include="5430.cpp">
      <Filter>소스 파일</Filter>
    </ClCompile>
    <ClCompile Include="6591.cpp">
      <Filter>소스 파일</Filter>
    </ClCompile>
    <ClCompile Include="9461.cpp">
      <Filter>소스 파일</Filter>
    </ClCompile>
    <ClCompile Include="11004.cpp">
      <Filter>소스 파일</Filter>
    </ClCompile>
    <ClCompile Include="11652.cpp">
      <Filter>소스 파일</Filter>
    </ClCompile>
    <ClCompile Include="11053.cpp">
      <Filter>소스 파일</Filter>
    </ClCompile>
    <ClCompile Include="10757.cpp">
      <Filter>소스 파일</Filter>
    </ClCompile>
    <ClCompile Include="2580.cpp">
      <Filter>소스 파일</Filter>
    </ClCompile>
    <ClCompile Include="13460.cpp">
      <Filter>소스 파일</Filter>
    </ClCompile>
    <ClCompile Include="1389.cpp">
      <Filter>소스 파일</Filter>
    </ClCompile>
    <ClCompile Include="10026.cpp">
      <Filter>소스 파일</Filter>
    </ClCompile>
    <ClCompile Include="2644.cpp">
      <Filter>소스 파일</Filter>
    </ClCompile>
    <ClCompile Include="1764.cpp">
      <Filter>소스 파일</Filter>
    </ClCompile>
    <ClCompile Include="2589.cpp">
      <Filter>소스 파일</Filter>
    </ClCompile>
    <ClCompile Include="5014.cpp">
      <Filter>소스 파일</Filter>
    </ClCompile>
    <ClCompile Include="2146.cpp">
      <Filter>소스 파일</Filter>
    </ClCompile>
    <ClCompile Include="9466.cpp">
      <Filter>소스 파일</Filter>
    </ClCompile>
    <ClCompile Include="1963.cpp">
      <Filter>소스 파일</Filter>
    </ClCompile>
    <ClCompile Include="2206.cpp">
      <Filter>소스 파일</Filter>
    </ClCompile>
    <ClCompile Include="1865.cpp">
      <Filter>소스 파일</Filter>
    </ClCompile>
    <ClCompile Include="1613.cpp">
      <Filter>소스 파일</Filter>
    </ClCompile>
    <ClCompile Include="6593.cpp">
      <Filter>소스 파일</Filter>
    </ClCompile>
    <ClCompile Include="9933.cpp">
      <Filter>소스 파일</Filter>
    </ClCompile>
    <ClCompile Include="2167.cpp">
      <Filter>소스 파일</Filter>
    </ClCompile>
    <ClCompile Include="11057.cpp">
      <Filter>소스 파일</Filter>
    </ClCompile>
    <ClCompile Include="11048.cpp">
      <Filter>소스 파일</Filter>
    </ClCompile>
    <ClCompile Include="1699.cpp">
      <Filter>소스 파일</Filter>
    </ClCompile>
    <ClCompile Include="11055.cpp">
      <Filter>소스 파일</Filter>
    </ClCompile>
    <ClCompile Include="1965.cpp">
      <Filter>소스 파일</Filter>
    </ClCompile>
    <ClCompile Include="2225.cpp">
      <Filter>소스 파일</Filter>
    </ClCompile>
    <ClCompile Include="2096.cpp">
      <Filter>소스 파일</Filter>
    </ClCompile>
    <ClCompile Include="10942.cpp">
      <Filter>소스 파일</Filter>
    </ClCompile>
    <ClCompile Include="10164.cpp">
      <Filter>소스 파일</Filter>
    </ClCompile>
    <ClCompile Include="11060.cpp">
      <Filter>소스 파일</Filter>
    </ClCompile>
    <ClCompile Include="2294.cpp">
      <Filter>소스 파일</Filter>
    </ClCompile>
    <ClCompile Include="2302.cpp">
      <Filter>소스 파일</Filter>
    </ClCompile>
    <ClCompile Include="2616.cpp">
      <Filter>소스 파일</Filter>
    </ClCompile>
    <ClCompile Include="2133.cpp">
      <Filter>소스 파일</Filter>
    </ClCompile>
    <ClCompile Include="1309.cpp">
      <Filter>소스 파일</Filter>
    </ClCompile>
    <ClCompile Include="1904.cpp">
      <Filter>소스 파일</Filter>
    </ClCompile>
    <ClCompile Include="2169.cpp">
      <Filter>소스 파일</Filter>
    </ClCompile>
    <ClCompile Include="11722.cpp">
      <Filter>소스 파일</Filter>
    </ClCompile>
    <ClCompile Include="6359.cpp">
      <Filter>소스 파일</Filter>
    </ClCompile>
    <ClCompile Include="11054.cpp">
      <Filter>소스 파일</Filter>
    </ClCompile>
    <ClCompile Include="11066.cpp">
      <Filter>소스 파일</Filter>
    </ClCompile>
    <ClCompile Include="2631.cpp">
      <Filter>소스 파일</Filter>
    </ClCompile>
    <ClCompile Include="9084.cpp">
      <Filter>소스 파일</Filter>
    </ClCompile>
    <ClCompile Include="5582.cpp">
      <Filter>소스 파일</Filter>
    </ClCompile>
    <ClCompile Include="2352.cpp">
      <Filter>소스 파일</Filter>
    </ClCompile>
    <ClCompile Include="1915.cpp">
      <Filter>소스 파일</Filter>
    </ClCompile>
    <ClCompile Include="1937.cpp">
      <Filter>소스 파일</Filter>
    </ClCompile>
    <ClCompile Include="9507.cpp">
      <Filter>소스 파일</Filter>
    </ClCompile>
    <ClCompile Include="14501.cpp">
      <Filter>소스 파일</Filter>
    </ClCompile>
    <ClCompile Include="1562.cpp">
      <Filter>소스 파일</Filter>
    </ClCompile>
    <ClCompile Include="2688.cpp">
      <Filter>소스 파일</Filter>
    </ClCompile>
    <ClCompile Include="2240.cpp">
      <Filter>소스 파일</Filter>
    </ClCompile>
    <ClCompile Include="14503.cpp">
      <Filter>소스 파일</Filter>
    </ClCompile>
    <ClCompile Include="14889.cpp">
      <Filter>소스 파일</Filter>
    </ClCompile>
    <ClCompile Include="14500.cpp">
      <Filter>소스 파일</Filter>
    </ClCompile>
    <ClCompile Include="13458.cpp">
      <Filter>소스 파일</Filter>
    </ClCompile>
    <ClCompile Include="14499.cpp">
      <Filter>소스 파일</Filter>
    </ClCompile>
    <ClCompile Include="12100.cpp">
      <Filter>소스 파일</Filter>
    </ClCompile>
  </ItemGroup>
</Project>